<?xml version="1.0" encoding="UTF-8" standalone="yes" ?>
<CodeBlocks_project_file>
	<FileVersion major="1" minor="6" />
	<Project>
		<Option title="dalvik_libdvm" />
		<Option pch_mode="2" />
		<Option compiler="gnu_gcc_compiler__eagleemu" />
		<Build>
			<Target title="Debug">
				<Option output="$(OUTBIN)libdvm" prefix_auto="1" extension_auto="1" />
				<Option working_dir="$(OUTBIN)" />
				<Option object_output="$(OUTOBJ)libdvm" />
				<Option type="3" />
				<Option compiler="gnu_gcc_compiler__eagleemu" />
				<Option createStaticLib="1" />
			</Target>
		</Build>
		<Compiler>
			<Add directory="$(EMU_DIR)projs\common\include\MinGW" />
			<Add directory="$(TOP_DIR)system\core\include" />
			<Add directory="$(TOP_DIR)frameworks\base\include" />
			<Add directory="$(TOP_DIR)external\zlib" />
			<Add directory="$(TOP_DIR)dalvik\include" />
			<Add directory="$(TOP_DIR)dalvik\vm" />
			<Add directory="$(TOP_DIR)dalvik\libnativehelper\include\nativehelper" />
		</Compiler>
		<Linker>
			<Add library="libdex.a" />
			<Add library="libnativehelper.a" />
			<Add library="libcutils.a" />
			<Add library="liblog.a" />
			<Add library="libz.a" />
			<Add library="libffi.a" />
			<Add directory="$(OUTBIN)\" />
		</Linker>
		<ExtraCommands>
			<Add after="cp -f $(OUTBIN)\libdvm.dll.a $(PREBUILT)\" />
		</ExtraCommands>
		<Unit filename="..\..\..\..\dalvik\vm\AllocTracker.c">
			<Option compilerVar="CC" />
			<Option target="&lt;{~None~}&gt;" />
		</Unit>
		<Unit filename="..\..\..\..\dalvik\vm\AtomicCache.c">
			<Option compilerVar="CC" />
			<Option target="&lt;{~None~}&gt;" />
		</Unit>
		<Unit filename="..\..\..\..\dalvik\vm\CheckJni.c">
			<Option compilerVar="CC" />
			<Option target="&lt;{~None~}&gt;" />
		</Unit>
		<Unit filename="..\..\..\..\dalvik\vm\Ddm.c">
			<Option compilerVar="CC" />
			<Option target="&lt;{~None~}&gt;" />
		</Unit>
		<Unit filename="..\..\..\..\dalvik\vm\Debugger.c">
			<Option compilerVar="CC" />
			<Option target="&lt;{~None~}&gt;" />
		</Unit>
		<Unit filename="..\..\..\..\dalvik\vm\DvmDex.c">
			<Option compilerVar="CC" />
			<Option target="&lt;{~None~}&gt;" />
		</Unit>
		<Unit filename="..\..\..\..\dalvik\vm\Exception.c">
			<Option compilerVar="CC" />
			<Option target="&lt;{~None~}&gt;" />
		</Unit>
		<Unit filename="..\..\..\..\dalvik\vm\Hash.c">
			<Option compilerVar="CC" />
			<Option target="&lt;{~None~}&gt;" />
		</Unit>
		<Unit filename="..\..\..\..\dalvik\vm\IndirectRefTable.c">
			<Option compilerVar="CC" />
			<Option target="&lt;{~None~}&gt;" />
		</Unit>
		<Unit filename="..\..\..\..\dalvik\vm\Init.c">
			<Option compilerVar="CC" />
			<Option target="&lt;{~None~}&gt;" />
		</Unit>
		<Unit filename="..\..\..\..\dalvik\vm\InlineNative.c">
			<Option compilerVar="CC" />
			<Option target="&lt;{~None~}&gt;" />
		</Unit>
		<Unit filename="..\..\..\..\dalvik\vm\Inlines.c">
			<Option compilerVar="CC" />
			<Option target="&lt;{~None~}&gt;" />
		</Unit>
		<Unit filename="..\..\..\..\dalvik\vm\Intern.c">
			<Option compilerVar="CC" />
			<Option target="&lt;{~None~}&gt;" />
		</Unit>
		<Unit filename="..\..\..\..\dalvik\vm\JarFile.c">
			<Option compilerVar="CC" />
			<Option target="&lt;{~None~}&gt;" />
		</Unit>
		<Unit filename="..\..\..\..\dalvik\vm\Jni.c">
			<Option compilerVar="CC" />
			<Option target="&lt;{~None~}&gt;" />
		</Unit>
		<Unit filename="..\..\..\..\dalvik\vm\LinearAlloc.c">
			<Option compilerVar="CC" />
			<Option target="&lt;{~None~}&gt;" />
		</Unit>
		<Unit filename="..\..\..\..\dalvik\vm\Misc.c">
			<Option compilerVar="CC" />
			<Option target="&lt;{~None~}&gt;" />
		</Unit>
		<Unit filename="..\..\..\..\dalvik\vm\Native.c">
			<Option compilerVar="CC" />
			<Option target="&lt;{~None~}&gt;" />
		</Unit>
		<Unit filename="..\..\..\..\dalvik\vm\PointerSet.c">
			<Option compilerVar="CC" />
			<Option target="&lt;{~None~}&gt;" />
		</Unit>
		<Unit filename="..\..\..\..\dalvik\vm\Profile.c">
			<Option compilerVar="CC" />
			<Option target="&lt;{~None~}&gt;" />
		</Unit>
		<Unit filename="..\..\..\..\dalvik\vm\Properties.c">
			<Option compilerVar="CC" />
			<Option target="&lt;{~None~}&gt;" />
		</Unit>
		<Unit filename="..\..\..\..\dalvik\vm\RawDexFile.c">
			<Option compilerVar="CC" />
			<Option target="&lt;{~None~}&gt;" />
		</Unit>
		<Unit filename="..\..\..\..\dalvik\vm\ReferenceTable.c">
			<Option compilerVar="CC" />
			<Option target="&lt;{~None~}&gt;" />
		</Unit>
		<Unit filename="..\..\..\..\dalvik\vm\SignalCatcher.c">
			<Option compilerVar="CC" />
			<Option target="&lt;{~None~}&gt;" />
		</Unit>
		<Unit filename="..\..\..\..\dalvik\vm\StdioConverter.c">
			<Option compilerVar="CC" />
			<Option target="&lt;{~None~}&gt;" />
		</Unit>
		<Unit filename="..\..\..\..\dalvik\vm\Sync.c">
			<Option compilerVar="CC" />
			<Option target="&lt;{~None~}&gt;" />
		</Unit>
		<Unit filename="..\..\..\..\dalvik\vm\TestCompability.c">
			<Option compilerVar="CC" />
			<Option target="&lt;{~None~}&gt;" />
		</Unit>
		<Unit filename="..\..\..\..\dalvik\vm\Thread.c">
			<Option compilerVar="CC" />
			<Option target="&lt;{~None~}&gt;" />
		</Unit>
		<Unit filename="..\..\..\..\dalvik\vm\UtfString.c">
			<Option compilerVar="CC" />
			<Option target="&lt;{~None~}&gt;" />
		</Unit>
		<Unit filename="..\..\..\..\dalvik\vm\alloc\Alloc.c">
			<Option compilerVar="CC" />
			<Option target="&lt;{~None~}&gt;" />
		</Unit>
		<Unit filename="..\..\..\..\dalvik\vm\alloc\DdmHeap.c">
			<Option compilerVar="CC" />
			<Option target="&lt;{~None~}&gt;" />
		</Unit>
		<Unit filename="..\..\..\..\dalvik\vm\alloc\Heap.c">
			<Option compilerVar="CC" />
			<Option target="&lt;{~None~}&gt;" />
		</Unit>
		<Unit filename="..\..\..\..\dalvik\vm\alloc\HeapBitmap.c">
			<Option compilerVar="CC" />
			<Option target="&lt;{~None~}&gt;" />
		</Unit>
		<Unit filename="..\..\..\..\dalvik\vm\alloc\HeapDebug.c">
			<Option compilerVar="CC" />
			<Option target="&lt;{~None~}&gt;" />
		</Unit>
		<Unit filename="..\..\..\..\dalvik\vm\alloc\HeapSource.c">
			<Option compilerVar="CC" />
			<Option target="&lt;{~None~}&gt;" />
		</Unit>
		<Unit filename="..\..\..\..\dalvik\vm\alloc\HeapTable.c">
			<Option compilerVar="CC" />
			<Option target="&lt;{~None~}&gt;" />
		</Unit>
		<Unit filename="..\..\..\..\dalvik\vm\alloc\HeapWorker.c">
			<Option compilerVar="CC" />
			<Option target="&lt;{~None~}&gt;" />
		</Unit>
		<Unit filename="..\..\..\..\dalvik\vm\alloc\MarkSweep.c">
			<Option compilerVar="CC" />
			<Option target="&lt;{~None~}&gt;" />
		</Unit>
		<Unit filename="..\..\..\..\dalvik\vm\alloc\clz.c">
			<Option compilerVar="CC" />
			<Option target="&lt;{~None~}&gt;" />
		</Unit>
		<Unit filename="..\..\..\..\dalvik\vm\analysis\CodeVerify.c">
			<Option compilerVar="CC" />
			<Option target="&lt;{~None~}&gt;" />
		</Unit>
		<Unit filename="..\..\..\..\dalvik\vm\analysis\DexOptimize.c">
			<Option compilerVar="CC" />
			<Option target="&lt;{~None~}&gt;" />
		</Unit>
		<Unit filename="..\..\..\..\dalvik\vm\analysis\DexVerify.c">
			<Option compilerVar="CC" />
			<Option target="&lt;{~None~}&gt;" />
		</Unit>
		<Unit filename="..\..\..\..\dalvik\vm\analysis\ReduceConstants.c">
			<Option compilerVar="CC" />
			<Option target="&lt;{~None~}&gt;" />
		</Unit>
		<Unit filename="..\..\..\..\dalvik\vm\analysis\RegisterMap.c">
			<Option compilerVar="CC" />
			<Option target="&lt;{~None~}&gt;" />
		</Unit>
		<Unit filename="..\..\..\..\dalvik\vm\analysis\VerifySubs.c">
			<Option compilerVar="CC" />
			<Option target="&lt;{~None~}&gt;" />
		</Unit>
		<Unit filename="..\..\..\..\dalvik\vm\arch\generic\Call.c">
			<Option compilerVar="CC" />
			<Option target="&lt;{~None~}&gt;" />
		</Unit>
		<Unit filename="..\..\..\..\dalvik\vm\arch\generic\Hints.c">
			<Option compilerVar="CC" />
			<Option target="&lt;{~None~}&gt;" />
		</Unit>
		<Unit filename="..\..\..\..\dalvik\vm\hprof\Hprof.c">
			<Option compilerVar="CC" />
			<Option target="&lt;{~None~}&gt;" />
		</Unit>
		<Unit filename="..\..\..\..\dalvik\vm\hprof\HprofClass.c">
			<Option compilerVar="CC" />
			<Option target="&lt;{~None~}&gt;" />
		</Unit>
		<Unit filename="..\..\..\..\dalvik\vm\hprof\HprofHeap.c">
			<Option compilerVar="CC" />
			<Option target="&lt;{~None~}&gt;" />
		</Unit>
		<Unit filename="..\..\..\..\dalvik\vm\hprof\HprofOutput.c">
			<Option compilerVar="CC" />
			<Option target="&lt;{~None~}&gt;" />
		</Unit>
		<Unit filename="..\..\..\..\dalvik\vm\hprof\HprofString.c">
			<Option compilerVar="CC" />
			<Option target="&lt;{~None~}&gt;" />
		</Unit>
		<Unit filename="..\..\..\..\dalvik\vm\interp\Interp.c">
			<Option compilerVar="CC" />
			<Option target="&lt;{~None~}&gt;" />
		</Unit>
		<Unit filename="..\..\..\..\dalvik\vm\interp\Stack.c">
			<Option compilerVar="CC" />
			<Option target="&lt;{~None~}&gt;" />
		</Unit>
		<Unit filename="..\..\..\..\dalvik\vm\jdwp\ExpandBuf.c">
			<Option compilerVar="CC" />
			<Option target="&lt;{~None~}&gt;" />
		</Unit>
		<Unit filename="..\..\..\..\dalvik\vm\jdwp\JdwpAdb.c">
			<Option compilerVar="CC" />
			<Option target="&lt;{~None~}&gt;" />
		</Unit>
		<Unit filename="..\..\..\..\dalvik\vm\jdwp\JdwpConstants.c">
			<Option compilerVar="CC" />
			<Option target="&lt;{~None~}&gt;" />
		</Unit>
		<Unit filename="..\..\..\..\dalvik\vm\jdwp\JdwpEvent.c">
			<Option compilerVar="CC" />
			<Option target="&lt;{~None~}&gt;" />
		</Unit>
		<Unit filename="..\..\..\..\dalvik\vm\jdwp\JdwpHandler.c">
			<Option compilerVar="CC" />
			<Option target="&lt;{~None~}&gt;" />
		</Unit>
		<Unit filename="..\..\..\..\dalvik\vm\jdwp\JdwpMain.c">
			<Option compilerVar="CC" />
			<Option target="&lt;{~None~}&gt;" />
		</Unit>
		<Unit filename="..\..\..\..\dalvik\vm\jdwp\JdwpSocket.c">
			<Option compilerVar="CC" />
			<Option target="&lt;{~None~}&gt;" />
		</Unit>
		<Unit filename="..\..\..\..\dalvik\vm\mterp\Mterp.c">
			<Option compilerVar="CC" />
			<Option target="&lt;{~None~}&gt;" />
		</Unit>
		<Unit filename="..\..\..\..\dalvik\vm\mterp\out\InterpC-allstubs.c">
			<Option compilerVar="CC" />
			<Option target="&lt;{~None~}&gt;" />
		</Unit>
		<Unit filename="..\..\..\..\dalvik\vm\mterp\out\InterpC-portdbg.c">
			<Option compilerVar="CC" />
			<Option target="&lt;{~None~}&gt;" />
		</Unit>
		<Unit filename="..\..\..\..\dalvik\vm\mterp\out\InterpC-portstd.c">
			<Option compilerVar="CC" />
			<Option target="&lt;{~None~}&gt;" />
		</Unit>
		<Unit filename="..\..\..\..\dalvik\vm\native\InternalNative.c">
			<Option compilerVar="CC" />
			<Option target="&lt;{~None~}&gt;" />
		</Unit>
		<Unit filename="..\..\..\..\dalvik\vm\native\SystemThread.c">
			<Option compilerVar="CC" />
			<Option target="&lt;{~None~}&gt;" />
		</Unit>
		<Unit filename="..\..\..\..\dalvik\vm\native\dalvik_system_DexFile.c">
			<Option compilerVar="CC" />
			<Option target="&lt;{~None~}&gt;" />
		</Unit>
		<Unit filename="..\..\..\..\dalvik\vm\native\dalvik_system_SamplingProfiler.c">
			<Option compilerVar="CC" />
			<Option target="&lt;{~None~}&gt;" />
		</Unit>
		<Unit filename="..\..\..\..\dalvik\vm\native\dalvik_system_VMDebug.c">
			<Option compilerVar="CC" />
			<Option target="&lt;{~None~}&gt;" />
		</Unit>
		<Unit filename="..\..\..\..\dalvik\vm\native\dalvik_system_VMRuntime.c">
			<Option compilerVar="CC" />
			<Option target="&lt;{~None~}&gt;" />
		</Unit>
		<Unit filename="..\..\..\..\dalvik\vm\native\dalvik_system_VMStack.c">
			<Option compilerVar="CC" />
			<Option target="&lt;{~None~}&gt;" />
		</Unit>
		<Unit filename="..\..\..\..\dalvik\vm\native\dalvik_system_Zygote.c">
			<Option compilerVar="CC" />
			<Option target="&lt;{~None~}&gt;" />
		</Unit>
		<Unit filename="..\..\..\..\dalvik\vm\native\java_lang_Class.c">
			<Option compilerVar="CC" />
			<Option target="&lt;{~None~}&gt;" />
		</Unit>
		<Unit filename="..\..\..\..\dalvik\vm\native\java_lang_Object.c">
			<Option compilerVar="CC" />
			<Option target="&lt;{~None~}&gt;" />
		</Unit>
		<Unit filename="..\..\..\..\dalvik\vm\native\java_lang_Runtime.c">
			<Option compilerVar="CC" />
			<Option target="&lt;{~None~}&gt;" />
		</Unit>
		<Unit filename="..\..\..\..\dalvik\vm\native\java_lang_String.c">
			<Option compilerVar="CC" />
			<Option target="&lt;{~None~}&gt;" />
		</Unit>
		<Unit filename="..\..\..\..\dalvik\vm\native\java_lang_System.c">
			<Option compilerVar="CC" />
			<Option target="&lt;{~None~}&gt;" />
		</Unit>
		<Unit filename="..\..\..\..\dalvik\vm\native\java_lang_SystemProperties.c">
			<Option compilerVar="CC" />
			<Option target="&lt;{~None~}&gt;" />
		</Unit>
		<Unit filename="..\..\..\..\dalvik\vm\native\java_lang_Throwable.c">
			<Option compilerVar="CC" />
			<Option target="&lt;{~None~}&gt;" />
		</Unit>
		<Unit filename="..\..\..\..\dalvik\vm\native\java_lang_VMClassLoader.c">
			<Option compilerVar="CC" />
			<Option target="&lt;{~None~}&gt;" />
		</Unit>
		<Unit filename="..\..\..\..\dalvik\vm\native\java_lang_VMThread.c">
			<Option compilerVar="CC" />
			<Option target="&lt;{~None~}&gt;" />
		</Unit>
		<Unit filename="..\..\..\..\dalvik\vm\native\java_lang_reflect_AccessibleObject.c">
			<Option compilerVar="CC" />
			<Option target="&lt;{~None~}&gt;" />
		</Unit>
		<Unit filename="..\..\..\..\dalvik\vm\native\java_lang_reflect_Array.c">
			<Option compilerVar="CC" />
			<Option target="&lt;{~None~}&gt;" />
		</Unit>
		<Unit filename="..\..\..\..\dalvik\vm\native\java_lang_reflect_Constructor.c">
			<Option compilerVar="CC" />
			<Option target="&lt;{~None~}&gt;" />
		</Unit>
		<Unit filename="..\..\..\..\dalvik\vm\native\java_lang_reflect_Field.c">
			<Option compilerVar="CC" />
			<Option target="&lt;{~None~}&gt;" />
		</Unit>
		<Unit filename="..\..\..\..\dalvik\vm\native\java_lang_reflect_Method.c">
			<Option compilerVar="CC" />
			<Option target="&lt;{~None~}&gt;" />
		</Unit>
		<Unit filename="..\..\..\..\dalvik\vm\native\java_lang_reflect_Proxy.c">
			<Option compilerVar="CC" />
			<Option target="&lt;{~None~}&gt;" />
		</Unit>
		<Unit filename="..\..\..\..\dalvik\vm\native\java_security_AccessController.c">
			<Option compilerVar="CC" />
			<Option target="&lt;{~None~}&gt;" />
		</Unit>
		<Unit filename="..\..\..\..\dalvik\vm\native\java_util_concurrent_atomic_AtomicLong.c">
			<Option compilerVar="CC" />
			<Option target="&lt;{~None~}&gt;" />
		</Unit>
		<Unit filename="..\..\..\..\dalvik\vm\native\org_apache_harmony_dalvik_NativeTestTarget.c">
			<Option compilerVar="CC" />
			<Option target="&lt;{~None~}&gt;" />
		</Unit>
		<Unit filename="..\..\..\..\dalvik\vm\native\org_apache_harmony_dalvik_ddmc_DdmServer.c">
			<Option compilerVar="CC" />
			<Option target="&lt;{~None~}&gt;" />
		</Unit>
		<Unit filename="..\..\..\..\dalvik\vm\native\org_apache_harmony_dalvik_ddmc_DdmVmInternal.c">
			<Option compilerVar="CC" />
			<Option target="&lt;{~None~}&gt;" />
		</Unit>
		<Unit filename="..\..\..\..\dalvik\vm\native\sun_misc_Unsafe.c">
			<Option compilerVar="CC" />
			<Option target="&lt;{~None~}&gt;" />
		</Unit>
		<Unit filename="..\..\..\..\dalvik\vm\oo\AccessCheck.c">
			<Option compilerVar="CC" />
			<Option target="&lt;{~None~}&gt;" />
		</Unit>
		<Unit filename="..\..\..\..\dalvik\vm\oo\Array.c">
			<Option compilerVar="CC" />
			<Option target="&lt;{~None~}&gt;" />
		</Unit>
		<Unit filename="..\..\..\..\dalvik\vm\oo\Class.c">
			<Option compilerVar="CC" />
			<Option target="&lt;{~None~}&gt;" />
		</Unit>
		<Unit filename="..\..\..\..\dalvik\vm\oo\Object.c">
			<Option compilerVar="CC" />
			<Option target="&lt;{~None~}&gt;" />
		</Unit>
		<Unit filename="..\..\..\..\dalvik\vm\oo\Resolve.c">
			<Option compilerVar="CC" />
			<Option target="&lt;{~None~}&gt;" />
		</Unit>
		<Unit filename="..\..\..\..\dalvik\vm\oo\TypeCheck.c">
			<Option compilerVar="CC" />
			<Option target="&lt;{~None~}&gt;" />
		</Unit>
		<Unit filename="..\..\..\..\dalvik\vm\reflect\Annotation.c">
			<Option compilerVar="CC" />
			<Option target="&lt;{~None~}&gt;" />
		</Unit>
		<Unit filename="..\..\..\..\dalvik\vm\reflect\Proxy.c">
			<Option compilerVar="CC" />
			<Option target="&lt;{~None~}&gt;" />
		</Unit>
		<Unit filename="..\..\..\..\dalvik\vm\reflect\Reflect.c">
			<Option compilerVar="CC" />
			<Option target="&lt;{~None~}&gt;" />
		</Unit>
		<Unit filename="..\..\..\..\dalvik\vm\test\AtomicSpeed.c">
			<Option compilerVar="CC" />
			<Option target="&lt;{~None~}&gt;" />
		</Unit>
		<Unit filename="..\..\..\..\dalvik\vm\test\TestHash.c">
			<Option compilerVar="CC" />
			<Option target="&lt;{~None~}&gt;" />
		</Unit>
		<Unit filename="..\..\..\..\dalvik\vm\test\TestIndirectRefTable.c">
			<Option compilerVar="CC" />
			<Option target="&lt;{~None~}&gt;" />
		</Unit>
		<Unit filename="dalvik_libdvm_options.txt" />
		<Unit filename="libdvm_forceinc.h" />
		<Extensions>
			<code_completion />
			<debugger />
			<envvars />
		</Extensions>
	</Project>
</CodeBlocks_project_file>
